
Microsoft Visual Studio Solution File, Format Version 12.00
# Visual Studio 15
VisualStudioVersion = 15.0.26124.0
MinimumVisualStudioVersion = 15.0.26124.0
Project("{2150E333-8FDC-42A3-9474-1A3956D46DE8}") = "src", "src", "{54A923B0-FE14-4A15-B92C-8D317044FFD0}"
EndProject
Project("{FAE04EC0-301F-11D3-BF4B-00C04F79EFBC}") = "umayplusapi", "src\umayplusapi\umayplusapi.csproj", "{07745975-D37A-4E5E-8C31-DB16771DABE1}"
EndProject
Project("{FAE04EC0-301F-11D3-BF4B-00C04F79EFBC}") = "web", "src\web\web.csproj", "{1B57FFC5-3803-452F-A2CC-62020727CCE2}"
EndProject
Project("{2150E333-8FDC-42A3-9474-1A3956D46DE8}") = "tests", "tests", "{22EC77B9-A7BF-424C-AEEF-5EEA74F202F2}"
EndProject
Project("{FAE04EC0-301F-11D3-BF4B-00C04F79EFBC}") = "api.Unittest", "tests\api.Unittest\api.Unittest.csproj", "{8D768450-7F7B-419C-857E-1D091DDE613C}"
EndProject
Global
	GlobalSection(SolutionConfigurationPlatforms) = preSolution
		Debug|Any CPU = Debug|Any CPU
		Debug|x64 = Debug|x64
		Debug|x86 = Debug|x86
		Release|Any CPU = Release|Any CPU
		Release|x64 = Release|x64
		Release|x86 = Release|x86
	EndGlobalSection
	GlobalSection(SolutionProperties) = preSolution
		HideSolutionNode = FALSE
	EndGlobalSection
	GlobalSection(ProjectConfigurationPlatforms) = postSolution
		{07745975-D37A-4E5E-8C31-DB16771DABE1}.Debug|Any CPU.ActiveCfg = Debug|Any CPU
		{07745975-D37A-4E5E-8C31-DB16771DABE1}.Debug|Any CPU.Build.0 = Debug|Any CPU
		{07745975-D37A-4E5E-8C31-DB16771DABE1}.Debug|x64.ActiveCfg = Debug|x64
		{07745975-D37A-4E5E-8C31-DB16771DABE1}.Debug|x64.Build.0 = Debug|x64
		{07745975-D37A-4E5E-8C31-DB16771DABE1}.Debug|x86.ActiveCfg = Debug|x86
		{07745975-D37A-4E5E-8C31-DB16771DABE1}.Debug|x86.Build.0 = Debug|x86
		{07745975-D37A-4E5E-8C31-DB16771DABE1}.Release|Any CPU.ActiveCfg = Release|Any CPU
		{07745975-D37A-4E5E-8C31-DB16771DABE1}.Release|Any CPU.Build.0 = Release|Any CPU
		{07745975-D37A-4E5E-8C31-DB16771DABE1}.Release|x64.ActiveCfg = Release|x64
		{07745975-D37A-4E5E-8C31-DB16771DABE1}.Release|x64.Build.0 = Release|x64
		{07745975-D37A-4E5E-8C31-DB16771DABE1}.Release|x86.ActiveCfg = Release|x86
		{07745975-D37A-4E5E-8C31-DB16771DABE1}.Release|x86.Build.0 = Release|x86
		{1B57FFC5-3803-452F-A2CC-62020727CCE2}.Debug|Any CPU.ActiveCfg = Debug|Any CPU
		{1B57FFC5-3803-452F-A2CC-62020727CCE2}.Debug|Any CPU.Build.0 = Debug|Any CPU
		{1B57FFC5-3803-452F-A2CC-62020727CCE2}.Debug|x64.ActiveCfg = Debug|x64
		{1B57FFC5-3803-452F-A2CC-62020727CCE2}.Debug|x64.Build.0 = Debug|x64
		{1B57FFC5-3803-452F-A2CC-62020727CCE2}.Debug|x86.ActiveCfg = Debug|x86
		{1B57FFC5-3803-452F-A2CC-62020727CCE2}.Debug|x86.Build.0 = Debug|x86
		{1B57FFC5-3803-452F-A2CC-62020727CCE2}.Release|Any CPU.ActiveCfg = Release|Any CPU
		{1B57FFC5-3803-452F-A2CC-62020727CCE2}.Release|Any CPU.Build.0 = Release|Any CPU
		{1B57FFC5-3803-452F-A2CC-62020727CCE2}.Release|x64.ActiveCfg = Release|x64
		{1B57FFC5-3803-452F-A2CC-62020727CCE2}.Release|x64.Build.0 = Release|x64
		{1B57FFC5-3803-452F-A2CC-62020727CCE2}.Release|x86.ActiveCfg = Release|x86
		{1B57FFC5-3803-452F-A2CC-62020727CCE2}.Release|x86.Build.0 = Release|x86
		{8D768450-7F7B-419C-857E-1D091DDE613C}.Debug|Any CPU.ActiveCfg = Debug|Any CPU
		{8D768450-7F7B-419C-857E-1D091DDE613C}.Debug|Any CPU.Build.0 = Debug|Any CPU
		{8D768450-7F7B-419C-857E-1D091DDE613C}.Debug|x64.ActiveCfg = Debug|x64
		{8D768450-7F7B-419C-857E-1D091DDE613C}.Debug|x64.Build.0 = Debug|x64
		{8D768450-7F7B-419C-857E-1D091DDE613C}.Debug|x86.ActiveCfg = Debug|x86
		{8D768450-7F7B-419C-857E-1D091DDE613C}.Debug|x86.Build.0 = Debug|x86
		{8D768450-7F7B-419C-857E-1D091DDE613C}.Release|Any CPU.ActiveCfg = Release|Any CPU
		{8D768450-7F7B-419C-857E-1D091DDE613C}.Release|Any CPU.Build.0 = Release|Any CPU
		{8D768450-7F7B-419C-857E-1D091DDE613C}.Release|x64.ActiveCfg = Release|x64
		{8D768450-7F7B-419C-857E-1D091DDE613C}.Release|x64.Build.0 = Release|x64
		{8D768450-7F7B-419C-857E-1D091DDE613C}.Release|x86.ActiveCfg = Release|x86
		{8D768450-7F7B-419C-857E-1D091DDE613C}.Release|x86.Build.0 = Release|x86
	EndGlobalSection
	GlobalSection(NestedProjects) = preSolution
		{07745975-D37A-4E5E-8C31-DB16771DABE1} = {54A923B0-FE14-4A15-B92C-8D317044FFD0}
		{1B57FFC5-3803-452F-A2CC-62020727CCE2} = {54A923B0-FE14-4A15-B92C-8D317044FFD0}
		{8D768450-7F7B-419C-857E-1D091DDE613C} = {22EC77B9-A7BF-424C-AEEF-5EEA74F202F2}
	EndGlobalSection
EndGlobal
